// !$*UTF8*$!
{
	archiveVersion = 1;
	classes = {
	};
	objectVersion = 56;
	objects = {

/* Begin PBXBuildFile section */
		EFEB88642AA0824C0073E8CE /* AppDelegate.swift in Sources */ = {isa = PBXBuildFile; fileRef = EFEB88632AA0824C0073E8CE /* AppDelegate.swift */; };
		EFEB88662AA0824C0073E8CE /* SceneDelegate.swift in Sources */ = {isa = PBXBuildFile; fileRef = EFEB88652AA0824C0073E8CE /* SceneDelegate.swift */; };
		EFEB88682AA0824C0073E8CE /* TestViewController.swift in Sources */ = {isa = PBXBuildFile; fileRef = EFEB88672AA0824C0073E8CE /* TestViewController.swift */; };
		EFEB886D2AA0824D0073E8CE /* Assets.xcassets in Resources */ = {isa = PBXBuildFile; fileRef = EFEB886C2AA0824D0073E8CE /* Assets.xcassets */; };
		EFEB88702AA0824D0073E8CE /* LaunchScreen.storyboard in Resources */ = {isa = PBXBuildFile; fileRef = EFEB886E2AA0824D0073E8CE /* LaunchScreen.storyboard */; };
		EFEB88782AA0828E0073E8CE /* UIViewControllerPreview.swift in Sources */ = {isa = PBXBuildFile; fileRef = EFEB88772AA0828E0073E8CE /* UIViewControllerPreview.swift */; };
		EFEB887A2AA0830D0073E8CE /* UIViewPreview.swift in Sources */ = {isa = PBXBuildFile; fileRef = EFEB88792AA0830D0073E8CE /* UIViewPreview.swift */; };
		EFEB887E2AA0855F0073E8CE /* TestView.swift in Sources */ = {isa = PBXBuildFile; fileRef = EFEB887D2AA0855F0073E8CE /* TestView.swift */; };
/* End PBXBuildFile section */

/* Begin PBXFileReference section */
		EFEB88602AA0824C0073E8CE /* UIKitPreview.app */ = {isa = PBXFileReference; explicitFileType = wrapper.application; includeInIndex = 0; path = UIKitPreview.app; sourceTree = BUILT_PRODUCTS_DIR; };
		EFEB88632AA0824C0073E8CE /* AppDelegate.swift */ = {isa = PBXFileReference; lastKnownFileType = sourcecode.swift; path = AppDelegate.swift; sourceTree = "<group>"; };
		EFEB88652AA0824C0073E8CE /* SceneDelegate.swift */ = {isa = PBXFileReference; lastKnownFileType = sourcecode.swift; path = SceneDelegate.swift; sourceTree = "<group>"; };
		EFEB88672AA0824C0073E8CE /* TestViewController.swift */ = {isa = PBXFileReference; lastKnownFileType = sourcecode.swift; path = TestViewController.swift; sourceTree = "<group>"; };
		EFEB886C2AA0824D0073E8CE /* Assets.xcassets */ = {isa = PBXFileReference; lastKnownFileType = folder.assetcatalog; path = Assets.xcassets; sourceTree = "<group>"; };
		EFEB886F2AA0824D0073E8CE /* Base */ = {isa = PBXFileReference; lastKnownFileType = file.storyboard; name = Base; path = Base.lproj/LaunchScreen.storyboard; sourceTree = "<group>"; };
		EFEB88712AA0824D0073E8CE /* Info.plist */ = {isa = PBXFileReference; lastKnownFileType = text.plist.xml; path = Info.plist; sourceTree = "<group>"; };
		EFEB88772AA0828E0073E8CE /* UIViewControllerPreview.swift */ = {isa = PBXFileReference; lastKnownFileType = sourcecode.swift; path = UIViewControllerPreview.swift; sourceTree = "<group>"; };
		EFEB88792AA0830D0073E8CE /* UIViewPreview.swift */ = {isa = PBXFileReference; lastKnownFileType = sourcecode.swift; path = UIViewPreview.swift; sourceTree = "<group>"; };
		EFEB887D2AA0855F0073E8CE /* TestView.swift */ = {isa = PBXFileReference; lastKnownFileType = sourcecode.swift; path = TestView.swift; sourceTree = "<group>"; };
/* End PBXFileReference section */

/* Begin PBXFrameworksBuildPhase section */
		EFEB885D2AA0824C0073E8CE /* Frameworks */ = {
			isa = PBXFrameworksBuildPhase;
			buildActionMask = 2147483647;
			files = (
			);
			runOnlyForDeploymentPostprocessing = 0;
		};
/* End PBXFrameworksBuildPhase section */

/* Begin PBXGroup section */
		EFEB88572AA0824C0073E8CE = {
			isa = PBXGroup;
			children = (
				EFEB88622AA0824C0073E8CE /* UIKitPreview */,
				EFEB88612AA0824C0073E8CE /* Products */,
			);
			sourceTree = "<group>";
		};
		EFEB88612AA0824C0073E8CE /* Products */ = {
			isa = PBXGroup;
			children = (
				EFEB88602AA0824C0073E8CE /* UIKitPreview.app */,
			);
			name = Products;
			sourceTree = "<group>";
		};
		EFEB88622AA0824C0073E8CE /* UIKitPreview */ = {
			isa = PBXGroup;
			children = (
				EFEB88802AA0872F0073E8CE /* PreviewHelpers */,
				EFEB887F2AA087120073E8CE /* SupportingFiles */,
				EFEB88672AA0824C0073E8CE /* TestViewController.swift */,
				EFEB887D2AA0855F0073E8CE /* TestView.swift */,
			);
			path = UIKitPreview;
			sourceTree = "<group>";
		};
		EFEB887F2AA087120073E8CE /* SupportingFiles */ = {
			isa = PBXGroup;
			children = (
				EFEB88712AA0824D0073E8CE /* Info.plist */,
				EFEB886E2AA0824D0073E8CE /* LaunchScreen.storyboard */,
				EFEB886C2AA0824D0073E8CE /* Assets.xcassets */,
				EFEB88652AA0824C0073E8CE /* SceneDelegate.swift */,
				EFEB88632AA0824C0073E8CE /* AppDelegate.swift */,
			);
			path = SupportingFiles;
			sourceTree = "<group>";
		};
		EFEB88802AA0872F0073E8CE /* PreviewHelpers */ = {
			isa = PBXGroup;
			children = (
				EFEB88792AA0830D0073E8CE /* UIViewPreview.swift */,
				EFEB88772AA0828E0073E8CE /* UIViewControllerPreview.swift */,
			);
			path = PreviewHelpers;
			sourceTree = "<group>";
		};
/* End PBXGroup section */

/* Begin PBXNativeTarget section */
		EFEB885F2AA0824C0073E8CE /* UIKitPreview */ = {
			isa = PBXNativeTarget;
			buildConfigurationList = EFEB88742AA0824D0073E8CE /* Build configuration list for PBXNativeTarget "UIKitPreview" */;
			buildPhases = (
				EFEB885C2AA0824C0073E8CE /* Sources */,
				EFEB885D2AA0824C0073E8CE /* Frameworks */,
				EFEB885E2AA0824C0073E8CE /* Resources */,
			);
			buildRules = (
			);
			dependencies = (
			);
			name = UIKitPreview;
			productName = UIKitPreview;
			productReference = EFEB88602AA0824C0073E8CE /* UIKitPreview.app */;
			productType = "com.apple.product-type.application";
		};
/* End PBXNativeTarget section */

/* Begin PBXProject section */
		EFEB88582AA0824C0073E8CE /* Project object */ = {
			isa = PBXProject;
			attributes = {
				BuildIndependentTargetsInParallel = 1;
				LastSwiftUpdateCheck = 1430;
				LastUpgradeCheck = 1430;
				TargetAttributes = {
					EFEB885F2AA0824C0073E8CE = {
						CreatedOnToolsVersion = 14.3.1;
					};
				};
			};
			buildConfigurationList = EFEB885B2AA0824C0073E8CE /* Build configuration list for PBXProject "UIKitPreview" */;
			compatibilityVersion = "Xcode 14.0";
			developmentRegion = en;
			hasScannedForEncodings = 0;
			knownRegions = (
				en,
				Base,
			);
			mainGroup = EFEB88572AA0824C0073E8CE;
			productRefGroup = EFEB88612AA0824C0073E8CE /* Products */;
			projectDirPath = "";
			projectRoot = "";
			targets = (
				EFEB885F2AA0824C0073E8CE /* UIKitPreview */,
			);
		};
/* End PBXProject section */

/* Begin PBXResourcesBuildPhase section */
		EFEB885E2AA0824C0073E8CE /* Resources */ = {
			isa = PBXResourcesBuildPhase;
			buildActionMask = 2147483647;
			files = (
				EFEB88702AA0824D0073E8CE /* LaunchScreen.storyboard in Resources */,
				EFEB886D2AA0824D0073E8CE /* Assets.xcassets in Resources */,
			);
			runOnlyForDeploymentPostprocessing = 0;
		};
/* End PBXResourcesBuildPhase section */

/* Begin PBXSourcesBuildPhase section */
		EFEB885C2AA0824C0073E8CE /* Sources */ = {
			isa = PBXSourcesBuildPhase;
			buildActionMask = 2147483647;
			files = (
				EFEB887A2AA0830D0073E8CE /* UIViewPreview.swift in Sources */,
				EFEB88682AA0824C0073E8CE /* TestViewController.swift in Sources */,
				EFEB887E2AA0855F0073E8CE /* TestView.swift in Sources */,
				EFEB88642AA0824C0073E8CE /* AppDelegate.swift in Sources */,
				EFEB88662AA0824C0073E8CE /* SceneDelegate.swift in Sources */,
				EFEB88782AA0828E0073E8CE /* UIViewControllerPreview.swift in Sources */,
			);
			runOnlyForDeploymentPostprocessing = 0;
		};
/* End PBXSourcesBuildPhase section */

/* Begin PBXVariantGroup section */
		EFEB886E2AA0824D0073E8CE /* LaunchScreen.storyboard */ = {
			isa = PBXVariantGroup;
			children = (
				EFEB886F2AA0824D0073E8CE /* Base */,
			);
			name = LaunchScreen.storyboard;
			sourceTree = "<group>";
		};
/* End PBXVariantGroup section */

/* Begin XCBuildConfiguration section */
		EFEB88722AA0824D0073E8CE /* Debug */ = {
			isa = XCBuildConfiguration;
			buildSettings = {
				ALWAYS_SEARCH_USER_PATHS = NO;
				CLANG_ANALYZER_NONNULL = YES;
				CLANG_ANALYZER_NUMBER_OBJECT_CONVERSION = YES_AGGRESSIVE;
				CLANG_CXX_LANGUAGE_STANDARD = "gnu++20";
				CLANG_ENABLE_MODULES = YES;
				CLANG_ENABLE_OBJC_ARC = YES;
				CLANG_ENABLE_OBJC_WEAK = YES;
				CLANG_WARN_BLOCK_CAPTURE_AUTORELEASING = YES;
				CLANG_WARN_BOOL_CONVERSION = YES;
				CLANG_WARN_COMMA = YES;
				CLANG_WARN_CONSTANT_CONVERSION = YES;
				CLANG_WARN_DEPRECATED_OBJC_IMPLEMENTATIONS = YES;
				CLANG_WARN_DIRECT_OBJC_ISA_USAGE = YES_ERROR;
				CLANG_WARN_DOCUMENTATION_COMMENTS = YES;
				CLANG_WARN_EMPTY_BODY = YES;
				CLANG_WARN_ENUM_CONVERSION = YES;
				CLANG_WARN_INFINITE_RECURSION = YES;
				CLANG_WARN_INT_CONVERSION = YES;
				CLANG_WARN_NON_LITERAL_NULL_CONVERSION = YES;
				CLANG_WARN_OBJC_IMPLICIT_RETAIN_SELF = YES;
				CLANG_WARN_OBJC_LITERAL_CONVERSION = YES;
				CLANG_WARN_OBJC_ROOT_CLASS = YES_ERROR;
				CLANG_WARN_QUOTED_INCLUDE_IN_FRAMEWORK_HEADER = YES;
				CLANG_WARN_RANGE_LOOP_ANALYSIS = YES;
				CLANG_WARN_STRICT_PROTOTYPES = YES;
				CLANG_WARN_SUSPICIOUS_MOVE = YES;
				CLANG_WARN_UNGUARDED_AVAILABILITY = YES_AGGRESSIVE;
				CLANG_WARN_UNREACHABLE_CODE = YES;
				CLANG_WARN__DUPLICATE_METHOD_MATCH = YES;
				COPY_PHASE_STRIP = NO;
				DEBUG_INFORMATION_FORMAT = dwarf;
				ENABLE_STRICT_OBJC_MSGSEND = YES;
				ENABLE_TESTABILITY = YES;
				GCC_C_LANGUAGE_STANDARD = gnu11;
				GCC_DYNAMIC_NO_PIC = NO;
				GCC_NO_COMMON_BLOCKS = YES;
				GCC_OPTIMIZATION_LEVEL = 0;
				GCC_PREPROCESSOR_DEFINITIONS = (
					"DEBUG=1",
					"$(inherited)",
				);
				GCC_WARN_64_TO_32_BIT_CONVERSION = YES;
				GCC_WARN_ABOUT_RETURN_TYPE = YES_ERROR;
				GCC_WARN_UNDECLARED_SELECTOR = YES;
				GCC_WARN_UNINITIALIZED_AUTOS = YES_AGGRESSIVE;
				GCC_WARN_UNUSED_FUNCTION = YES;
				GCC_WARN_UNUSED_VARIABLE = YES;
				IPHONEOS_DEPLOYMENT_TARGET = 16.4;
				MTL_ENABLE_DEBUG_INFO = INCLUDE_SOURCE;
				MTL_FAST_MATH = YES;
				ONLY_ACTIVE_ARCH = YES;
				SDKROOT = iphoneos;
				SWIFT_ACTIVE_COMPILATION_CONDITIONS = DEBUG;
				SWIFT_OPTIMIZATION_LEVEL = "-Onone";
			};
			name = Debug;
		};
		EFEB88732AA0824D0073E8CE /* Release */ = {
			isa = XCBuildConfiguration;
			buildSettings = {
				ALWAYS_SEARCH_USER_PATHS = NO;
				CLANG_ANALYZER_NONNULL = YES;
				CLANG_ANALYZER_NUMBER_OBJECT_CONVERSION = YES_AGGRESSIVE;
				CLANG_CXX_LANGUAGE_STANDARD = "gnu++20";
				CLANG_ENABLE_MODULES = YES;
				CLANG_ENABLE_OBJC_ARC = YES;
				CLANG_ENABLE_OBJC_WEAK = YES;
				CLANG_WARN_BLOCK_CAPTURE_AUTORELEASING = YES;
				CLANG_WARN_BOOL_CONVERSION = YES;
				CLANG_WARN_COMMA = YES;
				CLANG_WARN_CONSTANT_CONVERSION = YES;
				CLANG_WARN_DEPRECATED_OBJC_IMPLEMENTATIONS = YES;
				CLANG_WARN_DIRECT_OBJC_ISA_USAGE = YES_ERROR;
				CLANG_WARN_DOCUMENTATION_COMMENTS = YES;
				CLANG_WARN_EMPTY_BODY = YES;
				CLANG_WARN_ENUM_CONVERSION = YES;
				CLANG_WARN_INFINITE_RECURSION = YES;
				CLANG_WARN_INT_CONVERSION = YES;
				CLANG_WARN_NON_LITERAL_NULL_CONVERSION = YES;
				CLANG_WARN_OBJC_IMPLICIT_RETAIN_SELF = YES;
				CLANG_WARN_OBJC_LITERAL_CONVERSION = YES;
				CLANG_WARN_OBJC_ROOT_CLASS = YES_ERROR;
				CLANG_WARN_QUOTED_INCLUDE_IN_FRAMEWORK_HEADER = YES;
				CLANG_WARN_RANGE_LOOP_ANALYSIS = YES;
				CLANG_WARN_STRICT_PROTOTYPES = YES;
				CLANG_WARN_SUSPICIOUS_MOVE = YES;
				CLANG_WARN_UNGUARDED_AVAILABILITY = YES_AGGRESSIVE;
				CLANG_WARN_UNREACHABLE_CODE = YES;
				CLANG_WARN__DUPLICATE_METHOD_MATCH = YES;
				COPY_PHASE_STRIP = NO;
				DEBUG_INFORMATION_FORMAT = "dwarf-with-dsym";
				ENABLE_NS_ASSERTIONS = NO;
				ENABLE_STRICT_OBJC_MSGSEND = YES;
				GCC_C_LANGUAGE_STANDARD = gnu11;
				GCC_NO_COMMON_BLOCKS = YES;
				GCC_WARN_64_TO_32_BIT_CONVERSION = YES;
				GCC_WARN_ABOUT_RETURN_TYPE = YES_ERROR;
				GCC_WARN_UNDECLARED_SELECTOR = YES;
				GCC_WARN_UNINITIALIZED_AUTOS = YES_AGGRESSIVE;
				GCC_WARN_UNUSED_FUNCTION = YES;
				GCC_WARN_UNUSED_VARIABLE = YES;
				IPHONEOS_DEPLOYMENT_TARGET = 16.4;
				MTL_ENABLE_DEBUG_INFO = NO;
				MTL_FAST_MATH = YES;
				SDKROOT = iphoneos;
				SWIFT_COMPILATION_MODE = wholemodule;
				SWIFT_OPTIMIZATION_LEVEL = "-O";
				VALIDATE_PRODUCT = YES;
			};
			name = Release;
		};
		EFEB88752AA0824D0073E8CE /* Debug */ = {
			isa = XCBuildConfiguration;
			buildSettings = {
				ASSETCATALOG_COMPILER_APPICON_NAME = AppIcon;
				ASSETCATALOG_COMPILER_GLOBAL_ACCENT_COLOR_NAME = AccentColor;
				CODE_SIGN_STYLE = Automatic;
				CURRENT_PROJECT_VERSION = 1;
				DEVELOPMENT_TEAM = DYXAUJ8MVZ;
				GENERATE_INFOPLIST_FILE = YES;
				INFOPLIST_FILE = UIKitPreview/SupportingFiles/Info.plist;
				INFOPLIST_KEY_UIApplicationSupportsIndirectInputEvents = YES;
				INFOPLIST_KEY_UILaunchStoryboardName = LaunchScreen;
				INFOPLIST_KEY_UISupportedInterfaceOrientations_iPad = "UIInterfaceOrientationPortrait UIInterfaceOrientationPortraitUpsideDown UIInterfaceOrientationLandscapeLeft UIInterfaceOrientationLandscapeRight";
				INFOPLIST_KEY_UISupportedInterfaceOrientations_iPhone = "UIInterfaceOrientationPortrait UIInterfaceOrientationLandscapeLeft UIInterfaceOrientationLandscapeRight";
				LD_RUNPATH_SEARCH_PATHS = (
					"$(inherited)",
					"@executable_path/Frameworks",
				);
				MARKETING_VERSION = 1.0;
				PRODUCT_BUNDLE_IDENTIFIER = com.UIKitPreview;
				PRODUCT_NAME = "$(TARGET_NAME)";
				SWIFT_EMIT_LOC_STRINGS = YES;
				SWIFT_VERSION = 5.0;
				TARGETED_DEVICE_FAMILY = "1,2";
			};
			name = Debug;
		};
		EFEB88762AA0824D0073E8CE /* Release */ = {
			isa = XCBuildConfiguration;
			buildSettings = {
				ASSETCATALOG_COMPILER_APPICON_NAME = AppIcon;
				ASSETCATALOG_COMPILER_GLOBAL_ACCENT_COLOR_NAME = AccentColor;
				CODE_SIGN_STYLE = Automatic;
				CURRENT_PROJECT_VERSION = 1;
				DEVELOPMENT_TEAM = DYXAUJ8MVZ;
				GENERATE_INFOPLIST_FILE = YES;
				INFOPLIST_FILE = UIKitPreview/SupportingFiles/Info.plist;
				INFOPLIST_KEY_UIApplicationSupportsIndirectInputEvents = YES;
				INFOPLIST_KEY_UILaunchStoryboardName = LaunchScreen;
				INFOPLIST_KEY_UISupportedInterfaceOrientations_iPad = "UIInterfaceOrientationPortrait UIInterfaceOrientationPortraitUpsideDown UIInterfaceOrientationLandscapeLeft UIInterfaceOrientationLandscapeRight";
				INFOPLIST_KEY_UISupportedInterfaceOrientations_iPhone = "UIInterfaceOrientationPortrait UIInterfaceOrientationLandscapeLeft UIInterfaceOrientationLandscapeRight";
				LD_RUNPATH_SEARCH_PATHS = (
					"$(inherited)",
					"@executable_path/Frameworks",
				);
				MARKETING_VERSION = 1.0;
				PRODUCT_BUNDLE_IDENTIFIER = com.UIKitPreview;
				PRODUCT_NAME = "$(TARGET_NAME)";
				SWIFT_EMIT_LOC_STRINGS = YES;
				SWIFT_VERSION = 5.0;
				TARGETED_DEVICE_FAMILY = "1,2";
			};
			name = Release;
		};
/* End XCBuildConfiguration section */

/* Begin XCConfigurationList section */
		EFEB885B2AA0824C0073E8CE /* Build configuration list for PBXProject "UIKitPreview" */ = {
			isa = XCConfigurationList;
			buildConfigurations = (
				EFEB88722AA0824D0073E8CE /* Debug */,
				EFEB88732AA0824D0073E8CE /* Release */,
			);
			defaultConfigurationIsVisible = 0;
			defaultConfigurationName = Release;
		};
		EFEB88742AA0824D0073E8CE /* Build configuration list for PBXNativeTarget "UIKitPreview" */ = {
			isa = XCConfigurationList;
			buildConfigurations = (
				EFEB88752AA0824D0073E8CE /* Debug */,
				EFEB88762AA0824D0073E8CE /* Release */,
			);
			defaultConfigurationIsVisible = 0;
			defaultConfigurationName = Release;
		};
/* End XCConfigurationList section */
	};
	rootObject = EFEB88582AA0824C0073E8CE /* Project object */;
}
